
Microsoft Visual Studio Solution File, Format Version 12.00
# Visual Studio Version 16
VisualStudioVersion = 16.0.29409.12
MinimumVisualStudioVersion = 10.0.40219.1
Project("{FAE04EC0-301F-11D3-BF4B-00C04F79EFBC}") = "GraphBulkImporter", "GraphBulkImporter\GraphBulkImporter.csproj", "{CBC43F87-9E27-4F42-A570-153E34416D93}"
EndProject
Project("{FAE04EC0-301F-11D3-BF4B-00C04F79EFBC}") = "Test", "Test\Test\Test.csproj", "{86C6D791-A29C-4115-896C-F708054D548C}"
EndProject
Global
	GlobalSection(SolutionConfigurationPlatforms) = preSolution
		Debug|Any CPU = Debug|Any CPU
		Release|Any CPU = Release|Any CPU
	EndGlobalSection
	GlobalSection(ProjectConfigurationPlatforms) = postSolution
		{CBC43F87-9E27-4F42-A570-153E34416D93}.Debug|Any CPU.ActiveCfg = Debug|Any CPU
		{CBC43F87-9E27-4F42-A570-153E34416D93}.Debug|Any CPU.Build.0 = Debug|Any CPU
		{CBC43F87-9E27-4F42-A570-153E34416D93}.Release|Any CPU.ActiveCfg = Release|Any CPU
		{CBC43F87-9E27-4F42-A570-153E34416D93}.Release|Any CPU.Build.0 = Release|Any CPU
		{86C6D791-A29C-4115-896C-F708054D548C}.Debug|Any CPU.ActiveCfg = Debug|Any CPU
		{86C6D791-A29C-4115-896C-F708054D548C}.Debug|Any CPU.Build.0 = Debug|Any CPU
		{86C6D791-A29C-4115-896C-F708054D548C}.Release|Any CPU.ActiveCfg = Release|Any CPU
		{86C6D791-A29C-4115-896C-F708054D548C}.Release|Any CPU.Build.0 = Release|Any CPU
	EndGlobalSection
	GlobalSection(SolutionProperties) = preSolution
		HideSolutionNode = FALSE
	EndGlobalSection
	GlobalSection(ExtensibilityGlobals) = postSolution
		SolutionGuid = {E2449C52-37DD-483A-B9FC-44CBBFE35E94}
	EndGlobalSection
EndGlobal
